// !$*UTF8*$!
{
	archiveVersion = 1;
	classes = {
	};
	objectVersion = 48;
	objects = {

/* Begin PBXBuildFile section */
		1C0BCCFC214C52BA00F92175 /* Parachute.swift in Sources */ = {isa = PBXBuildFile; fileRef = 1C0BCCFB214C52BA00F92175 /* Parachute.swift */; };
		1C0BCCFE214F321600F92175 /* DesignViewController.swift in Sources */ = {isa = PBXBuildFile; fileRef = 1C0BCCFD214F321600F92175 /* DesignViewController.swift */; };
		1C0BCD01214F48FA00F92175 /* DesignViewButton.png in Resources */ = {isa = PBXBuildFile; fileRef = 1C0BCD00214F48F900F92175 /* DesignViewButton.png */; };
		1C0BCD3621500E2900F92175 /* DesignerState.swift in Sources */ = {isa = PBXBuildFile; fileRef = 1C0BCD3521500E2900F92175 /* DesignerState.swift */; };
		1C0BCD392150103700F92175 /* SharedState.swift in Sources */ = {isa = PBXBuildFile; fileRef = 1C0BCD382150103700F92175 /* SharedState.swift */; };
		1C0BCD3B2150145500F92175 /* PalleteViewController.swift in Sources */ = {isa = PBXBuildFile; fileRef = 1C0BCD3A2150145500F92175 /* PalleteViewController.swift */; };
		1C0BCD3E2150173300F92175 /* PalleteCell.swift in Sources */ = {isa = PBXBuildFile; fileRef = 1C0BCD3D2150173300F92175 /* PalleteCell.swift */; };
		1C12B31E21518A7200C8EFA4 /* SaveIcon.png in Resources */ = {isa = PBXBuildFile; fileRef = 1C12B31D21518A7200C8EFA4 /* SaveIcon.png */; };
		1C12B3242152A8AE00C8EFA4 /* GoBack.png in Resources */ = {isa = PBXBuildFile; fileRef = 1C12B3232152A8AE00C8EFA4 /* GoBack.png */; };
		1C12B333215569A400C8EFA4 /* NumberFrame.swift in Sources */ = {isa = PBXBuildFile; fileRef = 1C12B332215569A400C8EFA4 /* NumberFrame.swift */; };
		1C12B3422159694E00C8EFA4 /* Sisters.swift in Sources */ = {isa = PBXBuildFile; fileRef = 1C12B3412159694E00C8EFA4 /* Sisters.swift */; };
		1C4FC5C2213A23D700652354 /* SplittingNodes.swift in Sources */ = {isa = PBXBuildFile; fileRef = 1C4FC5C1213A23D700652354 /* SplittingNodes.swift */; };
		1C4FC5DA213C46E900652354 /* Four.png in Resources */ = {isa = PBXBuildFile; fileRef = 1C4FC5D0213C46E900652354 /* Four.png */; };
		1C4FC5DB213C46E900652354 /* Nine.png in Resources */ = {isa = PBXBuildFile; fileRef = 1C4FC5D1213C46E900652354 /* Nine.png */; };
		1C4FC5DC213C46E900652354 /* Eight.png in Resources */ = {isa = PBXBuildFile; fileRef = 1C4FC5D2213C46E900652354 /* Eight.png */; };
		1C4FC5DD213C46E900652354 /* Five.png in Resources */ = {isa = PBXBuildFile; fileRef = 1C4FC5D3213C46E900652354 /* Five.png */; };
		1C4FC5DE213C46E900652354 /* Seven.png in Resources */ = {isa = PBXBuildFile; fileRef = 1C4FC5D4213C46E900652354 /* Seven.png */; };
		1C4FC5DF213C46E900652354 /* Six.png in Resources */ = {isa = PBXBuildFile; fileRef = 1C4FC5D5213C46E900652354 /* Six.png */; };
		1C4FC5E0213C46E900652354 /* Zero.png in Resources */ = {isa = PBXBuildFile; fileRef = 1C4FC5D6213C46E900652354 /* Zero.png */; };
		1C4FC5E1213C46E900652354 /* Three.png in Resources */ = {isa = PBXBuildFile; fileRef = 1C4FC5D7213C46E900652354 /* Three.png */; };
		1C4FC5E2213C46E900652354 /* One.png in Resources */ = {isa = PBXBuildFile; fileRef = 1C4FC5D8213C46E900652354 /* One.png */; };
		1C4FC5E3213C46E900652354 /* Two.png in Resources */ = {isa = PBXBuildFile; fileRef = 1C4FC5D9213C46E900652354 /* Two.png */; };
		1C66F60E21470E18006AA656 /* UndoButton.png in Resources */ = {isa = PBXBuildFile; fileRef = 1C66F60D21470E18006AA656 /* UndoButton.png */; };
		1C74E2712103869400EBECC5 /* Shapes.swift in Sources */ = {isa = PBXBuildFile; fileRef = 1C74E2702103869400EBECC5 /* Shapes.swift */; };
		1C74E2732103A62F00EBECC5 /* Helpers.swift in Sources */ = {isa = PBXBuildFile; fileRef = 1C74E2722103A62F00EBECC5 /* Helpers.swift */; };
		1C74E2752106281400EBECC5 /* LandingViewController.swift in Sources */ = {isa = PBXBuildFile; fileRef = 1C74E2742106281400EBECC5 /* LandingViewController.swift */; };
		1C74E27921063C6500EBECC5 /* Constants.swift in Sources */ = {isa = PBXBuildFile; fileRef = 1C74E27821063C6500EBECC5 /* Constants.swift */; };
		1C74E27B2106417D00EBECC5 /* Octagon.png in Resources */ = {isa = PBXBuildFile; fileRef = 1C74E27A2106417D00EBECC5 /* Octagon.png */; };
		1C74E28321066B9500EBECC5 /* Hexagon.png in Resources */ = {isa = PBXBuildFile; fileRef = 1C74E27D21066B9400EBECC5 /* Hexagon.png */; };
		1C74E28421066B9500EBECC5 /* Square.png in Resources */ = {isa = PBXBuildFile; fileRef = 1C74E27E21066B9400EBECC5 /* Square.png */; };
		1C74E28521066B9500EBECC5 /* Nonagon.png in Resources */ = {isa = PBXBuildFile; fileRef = 1C74E27F21066B9400EBECC5 /* Nonagon.png */; };
		1C74E28621066B9500EBECC5 /* Pentagon.png in Resources */ = {isa = PBXBuildFile; fileRef = 1C74E28021066B9400EBECC5 /* Pentagon.png */; };
		1C74E28721066B9500EBECC5 /* Triangle.png in Resources */ = {isa = PBXBuildFile; fileRef = 1C74E28121066B9400EBECC5 /* Triangle.png */; };
		1C74E28821066B9500EBECC5 /* Septagon.png in Resources */ = {isa = PBXBuildFile; fileRef = 1C74E28221066B9400EBECC5 /* Septagon.png */; };
		1C74E28A21066D7D00EBECC5 /* Styles.swift in Sources */ = {isa = PBXBuildFile; fileRef = 1C74E28921066D7D00EBECC5 /* Styles.swift */; };
		1C74E29B2106712500EBECC5 /* light-blue-background.png in Resources */ = {isa = PBXBuildFile; fileRef = 1C74E29A2106712500EBECC5 /* light-blue-background.png */; };
		1C74E29D210676F700EBECC5 /* GameState.swift in Sources */ = {isa = PBXBuildFile; fileRef = 1C74E29C210676F700EBECC5 /* GameState.swift */; };
		1C74E29F2108C82900EBECC5 /* scissors-clipart.png in Resources */ = {isa = PBXBuildFile; fileRef = 1C74E29E2108C82900EBECC5 /* scissors-clipart.png */; };
		1C74E2A12108CAB000EBECC5 /* closed-scissors-clipart.png in Resources */ = {isa = PBXBuildFile; fileRef = 1C74E2A02108CAB000EBECC5 /* closed-scissors-clipart.png */; };
		1CA6C88420FF7C4A0076E557 /* AppDelegate.swift in Sources */ = {isa = PBXBuildFile; fileRef = 1CA6C88320FF7C4A0076E557 /* AppDelegate.swift */; };
		1CA6C88620FF7C4A0076E557 /* GameViewController.swift in Sources */ = {isa = PBXBuildFile; fileRef = 1CA6C88520FF7C4A0076E557 /* GameViewController.swift */; };
		1CA6C88920FF7C4A0076E557 /* Main.storyboard in Resources */ = {isa = PBXBuildFile; fileRef = 1CA6C88720FF7C4A0076E557 /* Main.storyboard */; };
		1CA6C88C20FF7C4A0076E557 /* PolygonPuzzle.xcdatamodeld in Sources */ = {isa = PBXBuildFile; fileRef = 1CA6C88A20FF7C4A0076E557 /* PolygonPuzzle.xcdatamodeld */; };
		1CA6C88E20FF7C4A0076E557 /* Assets.xcassets in Resources */ = {isa = PBXBuildFile; fileRef = 1CA6C88D20FF7C4A0076E557 /* Assets.xcassets */; };
		1CA6C89120FF7C4A0076E557 /* LaunchScreen.storyboard in Resources */ = {isa = PBXBuildFile; fileRef = 1CA6C88F20FF7C4A0076E557 /* LaunchScreen.storyboard */; };
		1CA6C89C20FF7C4A0076E557 /* PolygonPuzzleTests.swift in Sources */ = {isa = PBXBuildFile; fileRef = 1CA6C89B20FF7C4A0076E557 /* PolygonPuzzleTests.swift */; };
		1CA6C8A720FF7C4A0076E557 /* PolygonPuzzleUITests.swift in Sources */ = {isa = PBXBuildFile; fileRef = 1CA6C8A620FF7C4A0076E557 /* PolygonPuzzleUITests.swift */; };
		1CA6C8B520FF8F890076E557 /* DraggablePolygon.swift in Sources */ = {isa = PBXBuildFile; fileRef = 1CA6C8B420FF8F890076E557 /* DraggablePolygon.swift */; };
		1CB98D17213705590020427F /* Vectors.swift in Sources */ = {isa = PBXBuildFile; fileRef = 1CB98D16213705590020427F /* Vectors.swift */; };
		1CBA905E2122135C000FCB9D /* Node.swift in Sources */ = {isa = PBXBuildFile; fileRef = 1CBA905D2122135C000FCB9D /* Node.swift */; };
		1CBA9060212213FF000FCB9D /* Line.swift in Sources */ = {isa = PBXBuildFile; fileRef = 1CBA905F212213FF000FCB9D /* Line.swift */; };
		1CF6748D2142BB2300E0D0AC /* CancelButton.png in Resources */ = {isa = PBXBuildFile; fileRef = 1CF6748C2142BB2300E0D0AC /* CancelButton.png */; };
		1CF6748F2142BBEE00E0D0AC /* DoneButton.png in Resources */ = {isa = PBXBuildFile; fileRef = 1CF6748E2142BBEE00E0D0AC /* DoneButton.png */; };
		1CFB47FB211A0FEC00635139 /* marker.png in Resources */ = {isa = PBXBuildFile; fileRef = 1CFB47FA211A0FEC00635139 /* marker.png */; };
		1CFB47FE211A34CF00635139 /* CuttingView.swift in Sources */ = {isa = PBXBuildFile; fileRef = 1CFB47FD211A34CF00635139 /* CuttingView.swift */; };
		1CFB4800211A371800635139 /* CuttingMethods.swift in Sources */ = {isa = PBXBuildFile; fileRef = 1CFB47FF211A371800635139 /* CuttingMethods.swift */; };
/* End PBXBuildFile section */

/* Begin PBXContainerItemProxy section */
		1CA6C89820FF7C4A0076E557 /* PBXContainerItemProxy */ = {
			isa = PBXContainerItemProxy;
			containerPortal = 1CA6C87820FF7C490076E557 /* Project object */;
			proxyType = 1;
			remoteGlobalIDString = 1CA6C87F20FF7C490076E557;
			remoteInfo = PolygonPuzzle;
		};
		1CA6C8A320FF7C4A0076E557 /* PBXContainerItemProxy */ = {
			isa = PBXContainerItemProxy;
			containerPortal = 1CA6C87820FF7C490076E557 /* Project object */;
			proxyType = 1;
			remoteGlobalIDString = 1CA6C87F20FF7C490076E557;
			remoteInfo = PolygonPuzzle;
		};
/* End PBXContainerItemProxy section */

/* Begin PBXFileReference section */
		1C0BCCFB214C52BA00F92175 /* Parachute.swift */ = {isa = PBXFileReference; lastKnownFileType = sourcecode.swift; path = Parachute.swift; sourceTree = "<group>"; };
		1C0BCCFD214F321600F92175 /* DesignViewController.swift */ = {isa = PBXFileReference; lastKnownFileType = sourcecode.swift; path = DesignViewController.swift; sourceTree = "<group>"; };
		1C0BCD00214F48F900F92175 /* DesignViewButton.png */ = {isa = PBXFileReference; lastKnownFileType = image.png; path = DesignViewButton.png; sourceTree = "<group>"; };
		1C0BCD3521500E2900F92175 /* DesignerState.swift */ = {isa = PBXFileReference; lastKnownFileType = sourcecode.swift; path = DesignerState.swift; sourceTree = "<group>"; };
		1C0BCD382150103700F92175 /* SharedState.swift */ = {isa = PBXFileReference; lastKnownFileType = sourcecode.swift; path = SharedState.swift; sourceTree = "<group>"; };
		1C0BCD3A2150145500F92175 /* PalleteViewController.swift */ = {isa = PBXFileReference; lastKnownFileType = sourcecode.swift; path = PalleteViewController.swift; sourceTree = "<group>"; };
		1C0BCD3D2150173300F92175 /* PalleteCell.swift */ = {isa = PBXFileReference; lastKnownFileType = sourcecode.swift; path = PalleteCell.swift; sourceTree = "<group>"; };
		1C12B31D21518A7200C8EFA4 /* SaveIcon.png */ = {isa = PBXFileReference; lastKnownFileType = image.png; path = SaveIcon.png; sourceTree = "<group>"; };
		1C12B3232152A8AE00C8EFA4 /* GoBack.png */ = {isa = PBXFileReference; lastKnownFileType = image.png; name = GoBack.png; path = "../../../Polygon App Assets/GoBack.png"; sourceTree = "<group>"; };
		1C12B332215569A400C8EFA4 /* NumberFrame.swift */ = {isa = PBXFileReference; lastKnownFileType = sourcecode.swift; path = NumberFrame.swift; sourceTree = "<group>"; };
		1C12B3412159694E00C8EFA4 /* Sisters.swift */ = {isa = PBXFileReference; lastKnownFileType = sourcecode.swift; path = Sisters.swift; sourceTree = "<group>"; };
		1C4FC5C1213A23D700652354 /* SplittingNodes.swift */ = {isa = PBXFileReference; lastKnownFileType = sourcecode.swift; path = SplittingNodes.swift; sourceTree = "<group>"; };
		1C4FC5D0213C46E900652354 /* Four.png */ = {isa = PBXFileReference; lastKnownFileType = image.png; path = Four.png; sourceTree = "<group>"; };
		1C4FC5D1213C46E900652354 /* Nine.png */ = {isa = PBXFileReference; lastKnownFileType = image.png; path = Nine.png; sourceTree = "<group>"; };
		1C4FC5D2213C46E900652354 /* Eight.png */ = {isa = PBXFileReference; lastKnownFileType = image.png; path = Eight.png; sourceTree = "<group>"; };
		1C4FC5D3213C46E900652354 /* Five.png */ = {isa = PBXFileReference; lastKnownFileType = image.png; path = Five.png; sourceTree = "<group>"; };
		1C4FC5D4213C46E900652354 /* Seven.png */ = {isa = PBXFileReference; lastKnownFileType = image.png; path = Seven.png; sourceTree = "<group>"; };
		1C4FC5D5213C46E900652354 /* Six.png */ = {isa = PBXFileReference; lastKnownFileType = image.png; path = Six.png; sourceTree = "<group>"; };
		1C4FC5D6213C46E900652354 /* Zero.png */ = {isa = PBXFileReference; lastKnownFileType = image.png; path = Zero.png; sourceTree = "<group>"; };
		1C4FC5D7213C46E900652354 /* Three.png */ = {isa = PBXFileReference; lastKnownFileType = image.png; path = Three.png; sourceTree = "<group>"; };
		1C4FC5D8213C46E900652354 /* One.png */ = {isa = PBXFileReference; lastKnownFileType = image.png; path = One.png; sourceTree = "<group>"; };
		1C4FC5D9213C46E900652354 /* Two.png */ = {isa = PBXFileReference; lastKnownFileType = image.png; path = Two.png; sourceTree = "<group>"; };
		1C66F60D21470E18006AA656 /* UndoButton.png */ = {isa = PBXFileReference; lastKnownFileType = image.png; path = UndoButton.png; sourceTree = "<group>"; };
		1C74E2702103869400EBECC5 /* Shapes.swift */ = {isa = PBXFileReference; lastKnownFileType = sourcecode.swift; path = Shapes.swift; sourceTree = "<group>"; };
		1C74E2722103A62F00EBECC5 /* Helpers.swift */ = {isa = PBXFileReference; lastKnownFileType = sourcecode.swift; path = Helpers.swift; sourceTree = "<group>"; };
		1C74E2742106281400EBECC5 /* LandingViewController.swift */ = {isa = PBXFileReference; lastKnownFileType = sourcecode.swift; path = LandingViewController.swift; sourceTree = "<group>"; };
		1C74E27821063C6500EBECC5 /* Constants.swift */ = {isa = PBXFileReference; lastKnownFileType = sourcecode.swift; path = Constants.swift; sourceTree = "<group>"; };
		1C74E27A2106417D00EBECC5 /* Octagon.png */ = {isa = PBXFileReference; lastKnownFileType = image.png; path = Octagon.png; sourceTree = "<group>"; };
		1C74E27D21066B9400EBECC5 /* Hexagon.png */ = {isa = PBXFileReference; lastKnownFileType = image.png; path = Hexagon.png; sourceTree = "<group>"; };
		1C74E27E21066B9400EBECC5 /* Square.png */ = {isa = PBXFileReference; lastKnownFileType = image.png; path = Square.png; sourceTree = "<group>"; };
		1C74E27F21066B9400EBECC5 /* Nonagon.png */ = {isa = PBXFileReference; lastKnownFileType = image.png; path = Nonagon.png; sourceTree = "<group>"; };
		1C74E28021066B9400EBECC5 /* Pentagon.png */ = {isa = PBXFileReference; lastKnownFileType = image.png; path = Pentagon.png; sourceTree = "<group>"; };
		1C74E28121066B9400EBECC5 /* Triangle.png */ = {isa = PBXFileReference; lastKnownFileType = image.png; path = Triangle.png; sourceTree = "<group>"; };
		1C74E28221066B9400EBECC5 /* Septagon.png */ = {isa = PBXFileReference; lastKnownFileType = image.png; path = Septagon.png; sourceTree = "<group>"; };
		1C74E28921066D7D00EBECC5 /* Styles.swift */ = {isa = PBXFileReference; lastKnownFileType = sourcecode.swift; path = Styles.swift; sourceTree = "<group>"; };
		1C74E29A2106712500EBECC5 /* light-blue-background.png */ = {isa = PBXFileReference; lastKnownFileType = image.png; path = "light-blue-background.png"; sourceTree = "<group>"; };
		1C74E29C210676F700EBECC5 /* GameState.swift */ = {isa = PBXFileReference; lastKnownFileType = sourcecode.swift; path = GameState.swift; sourceTree = "<group>"; };
		1C74E29E2108C82900EBECC5 /* scissors-clipart.png */ = {isa = PBXFileReference; lastKnownFileType = image.png; path = "scissors-clipart.png"; sourceTree = "<group>"; };
		1C74E2A02108CAB000EBECC5 /* closed-scissors-clipart.png */ = {isa = PBXFileReference; lastKnownFileType = image.png; path = "closed-scissors-clipart.png"; sourceTree = "<group>"; };
		1CA6C88020FF7C4A0076E557 /* PolygonPuzzle.app */ = {isa = PBXFileReference; explicitFileType = wrapper.application; includeInIndex = 0; path = PolygonPuzzle.app; sourceTree = BUILT_PRODUCTS_DIR; };
		1CA6C88320FF7C4A0076E557 /* AppDelegate.swift */ = {isa = PBXFileReference; lastKnownFileType = sourcecode.swift; path = AppDelegate.swift; sourceTree = "<group>"; };
		1CA6C88520FF7C4A0076E557 /* GameViewController.swift */ = {isa = PBXFileReference; lastKnownFileType = sourcecode.swift; path = GameViewController.swift; sourceTree = "<group>"; };
		1CA6C88820FF7C4A0076E557 /* Base */ = {isa = PBXFileReference; lastKnownFileType = file.storyboard; name = Base; path = Base.lproj/Main.storyboard; sourceTree = "<group>"; };
		1CA6C88B20FF7C4A0076E557 /* PolygonPuzzle.xcdatamodel */ = {isa = PBXFileReference; lastKnownFileType = wrapper.xcdatamodel; path = PolygonPuzzle.xcdatamodel; sourceTree = "<group>"; };
		1CA6C88D20FF7C4A0076E557 /* Assets.xcassets */ = {isa = PBXFileReference; lastKnownFileType = folder.assetcatalog; path = Assets.xcassets; sourceTree = "<group>"; };
		1CA6C89020FF7C4A0076E557 /* Base */ = {isa = PBXFileReference; lastKnownFileType = file.storyboard; name = Base; path = Base.lproj/LaunchScreen.storyboard; sourceTree = "<group>"; };
		1CA6C89220FF7C4A0076E557 /* Info.plist */ = {isa = PBXFileReference; lastKnownFileType = text.plist.xml; path = Info.plist; sourceTree = "<group>"; };
		1CA6C89720FF7C4A0076E557 /* PolygonPuzzleTests.xctest */ = {isa = PBXFileReference; explicitFileType = wrapper.cfbundle; includeInIndex = 0; path = PolygonPuzzleTests.xctest; sourceTree = BUILT_PRODUCTS_DIR; };
		1CA6C89B20FF7C4A0076E557 /* PolygonPuzzleTests.swift */ = {isa = PBXFileReference; lastKnownFileType = sourcecode.swift; path = PolygonPuzzleTests.swift; sourceTree = "<group>"; };
		1CA6C89D20FF7C4A0076E557 /* Info.plist */ = {isa = PBXFileReference; lastKnownFileType = text.plist.xml; path = Info.plist; sourceTree = "<group>"; };
		1CA6C8A220FF7C4A0076E557 /* PolygonPuzzleUITests.xctest */ = {isa = PBXFileReference; explicitFileType = wrapper.cfbundle; includeInIndex = 0; path = PolygonPuzzleUITests.xctest; sourceTree = BUILT_PRODUCTS_DIR; };
		1CA6C8A620FF7C4A0076E557 /* PolygonPuzzleUITests.swift */ = {isa = PBXFileReference; lastKnownFileType = sourcecode.swift; path = PolygonPuzzleUITests.swift; sourceTree = "<group>"; };
		1CA6C8A820FF7C4A0076E557 /* Info.plist */ = {isa = PBXFileReference; lastKnownFileType = text.plist.xml; path = Info.plist; sourceTree = "<group>"; };
		1CA6C8B420FF8F890076E557 /* DraggablePolygon.swift */ = {isa = PBXFileReference; lastKnownFileType = sourcecode.swift; path = DraggablePolygon.swift; sourceTree = "<group>"; };
		1CB98D16213705590020427F /* Vectors.swift */ = {isa = PBXFileReference; lastKnownFileType = sourcecode.swift; path = Vectors.swift; sourceTree = "<group>"; };
		1CBA905D2122135C000FCB9D /* Node.swift */ = {isa = PBXFileReference; lastKnownFileType = sourcecode.swift; path = Node.swift; sourceTree = "<group>"; };
		1CBA905F212213FF000FCB9D /* Line.swift */ = {isa = PBXFileReference; lastKnownFileType = sourcecode.swift; path = Line.swift; sourceTree = "<group>"; };
		1CF6748C2142BB2300E0D0AC /* CancelButton.png */ = {isa = PBXFileReference; lastKnownFileType = image.png; name = CancelButton.png; path = "../../../Polygon App Assets/CancelButton.png"; sourceTree = "<group>"; };
		1CF6748E2142BBEE00E0D0AC /* DoneButton.png */ = {isa = PBXFileReference; lastKnownFileType = image.png; name = DoneButton.png; path = "../../../Polygon App Assets/DoneButton.png"; sourceTree = "<group>"; };
		1CFB47FA211A0FEC00635139 /* marker.png */ = {isa = PBXFileReference; lastKnownFileType = image.png; path = marker.png; sourceTree = "<group>"; };
		1CFB47FD211A34CF00635139 /* CuttingView.swift */ = {isa = PBXFileReference; lastKnownFileType = sourcecode.swift; path = CuttingView.swift; sourceTree = "<group>"; };
		1CFB47FF211A371800635139 /* CuttingMethods.swift */ = {isa = PBXFileReference; lastKnownFileType = sourcecode.swift; path = CuttingMethods.swift; sourceTree = "<group>"; };
/* End PBXFileReference section */

/* Begin PBXFrameworksBuildPhase section */
		1CA6C87D20FF7C490076E557 /* Frameworks */ = {
			isa = PBXFrameworksBuildPhase;
			buildActionMask = 2147483647;
			files = (
			);
			runOnlyForDeploymentPostprocessing = 0;
		};
		1CA6C89420FF7C4A0076E557 /* Frameworks */ = {
			isa = PBXFrameworksBuildPhase;
			buildActionMask = 2147483647;
			files = (
			);
			runOnlyForDeploymentPostprocessing = 0;
		};
		1CA6C89F20FF7C4A0076E557 /* Frameworks */ = {
			isa = PBXFrameworksBuildPhase;
			buildActionMask = 2147483647;
			files = (
			);
			runOnlyForDeploymentPostprocessing = 0;
		};
/* End PBXFrameworksBuildPhase section */

/* Begin PBXGroup section */
		1C0BCCFF214F36A700F92175 /* DesignViewControler */ = {
			isa = PBXGroup;
			children = (
				1C0BCCFD214F321600F92175 /* DesignViewController.swift */,
				1C0BCD3521500E2900F92175 /* DesignerState.swift */,
			);
			path = DesignViewControler;
			sourceTree = "<group>";
		};
		1C0BCD372150100D00F92175 /* Shared */ = {
			isa = PBXGroup;
			children = (
				1CBA905D2122135C000FCB9D /* Node.swift */,
				1CA6C8B420FF8F890076E557 /* DraggablePolygon.swift */,
				1C0BCCFB214C52BA00F92175 /* Parachute.swift */,
				1C74E27821063C6500EBECC5 /* Constants.swift */,
				1C0BCD382150103700F92175 /* SharedState.swift */,
				1C74E28921066D7D00EBECC5 /* Styles.swift */,
				1C74E2722103A62F00EBECC5 /* Helpers.swift */,
				1C12B332215569A400C8EFA4 /* NumberFrame.swift */,
			);
			path = Shared;
			sourceTree = "<group>";
		};
		1C0BCD3C2150145D00F92175 /* PalletteViewController */ = {
			isa = PBXGroup;
			children = (
				1C0BCD3A2150145500F92175 /* PalleteViewController.swift */,
				1C0BCD3D2150173300F92175 /* PalleteCell.swift */,
			);
			path = PalletteViewController;
			sourceTree = "<group>";
		};
		1C272CDC215067DD00938E65 /* CoreData */ = {
			isa = PBXGroup;
			children = (
				1CA6C88A20FF7C4A0076E557 /* PolygonPuzzle.xcdatamodeld */,
			);
			path = CoreData;
			sourceTree = "<group>";
		};
		1C74E27C2106418A00EBECC5 /* Assets */ = {
			isa = PBXGroup;
			children = (
				1C12B3232152A8AE00C8EFA4 /* GoBack.png */,
				1C12B31D21518A7200C8EFA4 /* SaveIcon.png */,
				1C0BCD00214F48F900F92175 /* DesignViewButton.png */,
				1C4FC5D2213C46E900652354 /* Eight.png */,
				1C4FC5D3213C46E900652354 /* Five.png */,
				1CF6748C2142BB2300E0D0AC /* CancelButton.png */,
				1CF6748E2142BBEE00E0D0AC /* DoneButton.png */,
				1C4FC5D0213C46E900652354 /* Four.png */,
				1C66F60D21470E18006AA656 /* UndoButton.png */,
				1C4FC5D1213C46E900652354 /* Nine.png */,
				1C4FC5D8213C46E900652354 /* One.png */,
				1C4FC5D4213C46E900652354 /* Seven.png */,
				1C4FC5D5213C46E900652354 /* Six.png */,
				1C4FC5D7213C46E900652354 /* Three.png */,
				1C4FC5D9213C46E900652354 /* Two.png */,
				1C4FC5D6213C46E900652354 /* Zero.png */,
				1C74E27D21066B9400EBECC5 /* Hexagon.png */,
				1C74E27F21066B9400EBECC5 /* Nonagon.png */,
				1C74E28021066B9400EBECC5 /* Pentagon.png */,
				1CFB47FA211A0FEC00635139 /* marker.png */,
				1C74E2A02108CAB000EBECC5 /* closed-scissors-clipart.png */,
				1C74E29E2108C82900EBECC5 /* scissors-clipart.png */,
				1C74E28221066B9400EBECC5 /* Septagon.png */,
				1C74E27E21066B9400EBECC5 /* Square.png */,
				1C74E29A2106712500EBECC5 /* light-blue-background.png */,
				1C74E28121066B9400EBECC5 /* Triangle.png */,
				1C74E27A2106417D00EBECC5 /* Octagon.png */,
			);
			path = Assets;
			sourceTree = "<group>";
		};
		1CA6C87720FF7C490076E557 = {
			isa = PBXGroup;
			children = (
				1C272CDC215067DD00938E65 /* CoreData */,
				1CA6C88220FF7C4A0076E557 /* PolygonPuzzle */,
				1CA6C89A20FF7C4A0076E557 /* PolygonPuzzleTests */,
				1CA6C8A520FF7C4A0076E557 /* PolygonPuzzleUITests */,
				1CA6C88120FF7C4A0076E557 /* Products */,
			);
			sourceTree = "<group>";
		};
		1CA6C88120FF7C4A0076E557 /* Products */ = {
			isa = PBXGroup;
			children = (
				1CA6C88020FF7C4A0076E557 /* PolygonPuzzle.app */,
				1CA6C89720FF7C4A0076E557 /* PolygonPuzzleTests.xctest */,
				1CA6C8A220FF7C4A0076E557 /* PolygonPuzzleUITests.xctest */,
			);
			name = Products;
			sourceTree = "<group>";
		};
		1CA6C88220FF7C4A0076E557 /* PolygonPuzzle */ = {
			isa = PBXGroup;
			children = (
				1CA6C88720FF7C4A0076E557 /* Main.storyboard */,
				1CA6C88320FF7C4A0076E557 /* AppDelegate.swift */,
				1C0BCD372150100D00F92175 /* Shared */,
				1CBA905C212207D7000FCB9D /* LandingViewController */,
				1CFB47FC211A346000635139 /* GameViewController */,
				1C0BCD3C2150145D00F92175 /* PalletteViewController */,
				1C0BCCFF214F36A700F92175 /* DesignViewControler */,
				1CA6C88D20FF7C4A0076E557 /* Assets.xcassets */,
				1C74E27C2106418A00EBECC5 /* Assets */,
				1CA6C88F20FF7C4A0076E557 /* LaunchScreen.storyboard */,
				1CA6C89220FF7C4A0076E557 /* Info.plist */,
			);
			path = PolygonPuzzle;
			sourceTree = "<group>";
		};
		1CA6C89A20FF7C4A0076E557 /* PolygonPuzzleTests */ = {
			isa = PBXGroup;
			children = (
				1CA6C89B20FF7C4A0076E557 /* PolygonPuzzleTests.swift */,
				1CA6C89D20FF7C4A0076E557 /* Info.plist */,
			);
			path = PolygonPuzzleTests;
			sourceTree = "<group>";
		};
		1CA6C8A520FF7C4A0076E557 /* PolygonPuzzleUITests */ = {
			isa = PBXGroup;
			children = (
				1CA6C8A620FF7C4A0076E557 /* PolygonPuzzleUITests.swift */,
				1CA6C8A820FF7C4A0076E557 /* Info.plist */,
			);
			path = PolygonPuzzleUITests;
			sourceTree = "<group>";
		};
		1CBA905C212207D7000FCB9D /* LandingViewController */ = {
			isa = PBXGroup;
			children = (
				1C74E2742106281400EBECC5 /* LandingViewController.swift */,
			);
			path = LandingViewController;
			sourceTree = "<group>";
		};
		1CFB47FC211A346000635139 /* GameViewController */ = {
			isa = PBXGroup;
			children = (
				1C74E2702103869400EBECC5 /* Shapes.swift */,
				1CA6C88520FF7C4A0076E557 /* GameViewController.swift */,
				1C12B3412159694E00C8EFA4 /* Sisters.swift */,
				1CFB47FD211A34CF00635139 /* CuttingView.swift */,
				1CFB47FF211A371800635139 /* CuttingMethods.swift */,
				1CB98D16213705590020427F /* Vectors.swift */,
				1CBA905F212213FF000FCB9D /* Line.swift */,
				1C74E29C210676F700EBECC5 /* GameState.swift */,
				1C4FC5C1213A23D700652354 /* SplittingNodes.swift */,
			);
			path = GameViewController;
			sourceTree = "<group>";
		};
/* End PBXGroup section */

/* Begin PBXNativeTarget section */
		1CA6C87F20FF7C490076E557 /* PolygonPuzzle */ = {
			isa = PBXNativeTarget;
			buildConfigurationList = 1CA6C8AB20FF7C4A0076E557 /* Build configuration list for PBXNativeTarget "PolygonPuzzle" */;
			buildPhases = (
				1CA6C87C20FF7C490076E557 /* Sources */,
				1CA6C87D20FF7C490076E557 /* Frameworks */,
				1CA6C87E20FF7C490076E557 /* Resources */,
			);
			buildRules = (
			);
			dependencies = (
			);
			name = PolygonPuzzle;
			productName = PolygonPuzzle;
			productReference = 1CA6C88020FF7C4A0076E557 /* PolygonPuzzle.app */;
			productType = "com.apple.product-type.application";
		};
		1CA6C89620FF7C4A0076E557 /* PolygonPuzzleTests */ = {
			isa = PBXNativeTarget;
			buildConfigurationList = 1CA6C8AE20FF7C4A0076E557 /* Build configuration list for PBXNativeTarget "PolygonPuzzleTests" */;
			buildPhases = (
				1CA6C89320FF7C4A0076E557 /* Sources */,
				1CA6C89420FF7C4A0076E557 /* Frameworks */,
				1CA6C89520FF7C4A0076E557 /* Resources */,
			);
			buildRules = (
			);
			dependencies = (
				1CA6C89920FF7C4A0076E557 /* PBXTargetDependency */,
			);
			name = PolygonPuzzleTests;
			productName = PolygonPuzzleTests;
			productReference = 1CA6C89720FF7C4A0076E557 /* PolygonPuzzleTests.xctest */;
			productType = "com.apple.product-type.bundle.unit-test";
		};
		1CA6C8A120FF7C4A0076E557 /* PolygonPuzzleUITests */ = {
			isa = PBXNativeTarget;
			buildConfigurationList = 1CA6C8B120FF7C4A0076E557 /* Build configuration list for PBXNativeTarget "PolygonPuzzleUITests" */;
			buildPhases = (
				1CA6C89E20FF7C4A0076E557 /* Sources */,
				1CA6C89F20FF7C4A0076E557 /* Frameworks */,
				1CA6C8A020FF7C4A0076E557 /* Resources */,
			);
			buildRules = (
			);
			dependencies = (
				1CA6C8A420FF7C4A0076E557 /* PBXTargetDependency */,
			);
			name = PolygonPuzzleUITests;
			productName = PolygonPuzzleUITests;
			productReference = 1CA6C8A220FF7C4A0076E557 /* PolygonPuzzleUITests.xctest */;
			productType = "com.apple.product-type.bundle.ui-testing";
		};
/* End PBXNativeTarget section */

/* Begin PBXProject section */
		1CA6C87820FF7C490076E557 /* Project object */ = {
			isa = PBXProject;
			attributes = {
				LastSwiftUpdateCheck = 0920;
				LastUpgradeCheck = 0920;
				ORGANIZATIONNAME = "Andrew Fenner";
				TargetAttributes = {
					1CA6C87F20FF7C490076E557 = {
						CreatedOnToolsVersion = 9.2;
						ProvisioningStyle = Automatic;
					};
					1CA6C89620FF7C4A0076E557 = {
						CreatedOnToolsVersion = 9.2;
						ProvisioningStyle = Automatic;
						TestTargetID = 1CA6C87F20FF7C490076E557;
					};
					1CA6C8A120FF7C4A0076E557 = {
						CreatedOnToolsVersion = 9.2;
						ProvisioningStyle = Automatic;
						TestTargetID = 1CA6C87F20FF7C490076E557;
					};
				};
			};
			buildConfigurationList = 1CA6C87B20FF7C490076E557 /* Build configuration list for PBXProject "PolygonPuzzle" */;
			compatibilityVersion = "Xcode 8.0";
			developmentRegion = en;
			hasScannedForEncodings = 0;
			knownRegions = (
				en,
				Base,
			);
			mainGroup = 1CA6C87720FF7C490076E557;
			productRefGroup = 1CA6C88120FF7C4A0076E557 /* Products */;
			projectDirPath = "";
			projectRoot = "";
			targets = (
				1CA6C87F20FF7C490076E557 /* PolygonPuzzle */,
				1CA6C89620FF7C4A0076E557 /* PolygonPuzzleTests */,
				1CA6C8A120FF7C4A0076E557 /* PolygonPuzzleUITests */,
			);
		};
/* End PBXProject section */

/* Begin PBXResourcesBuildPhase section */
		1CA6C87E20FF7C490076E557 /* Resources */ = {
			isa = PBXResourcesBuildPhase;
			buildActionMask = 2147483647;
			files = (
				1C4FC5E1213C46E900652354 /* Three.png in Resources */,
				1CA6C89120FF7C4A0076E557 /* LaunchScreen.storyboard in Resources */,
				1C74E27B2106417D00EBECC5 /* Octagon.png in Resources */,
				1C4FC5E2213C46E900652354 /* One.png in Resources */,
				1C0BCD01214F48FA00F92175 /* DesignViewButton.png in Resources */,
				1C74E29B2106712500EBECC5 /* light-blue-background.png in Resources */,
				1C74E28321066B9500EBECC5 /* Hexagon.png in Resources */,
				1C74E29F2108C82900EBECC5 /* scissors-clipart.png in Resources */,
				1C4FC5DB213C46E900652354 /* Nine.png in Resources */,
				1C74E28621066B9500EBECC5 /* Pentagon.png in Resources */,
				1CA6C88E20FF7C4A0076E557 /* Assets.xcassets in Resources */,
				1C74E28421066B9500EBECC5 /* Square.png in Resources */,
				1C4FC5DD213C46E900652354 /* Five.png in Resources */,
				1C12B31E21518A7200C8EFA4 /* SaveIcon.png in Resources */,
				1C4FC5E3213C46E900652354 /* Two.png in Resources */,
				1CA6C88920FF7C4A0076E557 /* Main.storyboard in Resources */,
				1C74E28721066B9500EBECC5 /* Triangle.png in Resources */,
				1C4FC5E0213C46E900652354 /* Zero.png in Resources */,
				1C4FC5DC213C46E900652354 /* Eight.png in Resources */,
				1C74E2A12108CAB000EBECC5 /* closed-scissors-clipart.png in Resources */,
				1C12B3242152A8AE00C8EFA4 /* GoBack.png in Resources */,
				1C4FC5DF213C46E900652354 /* Six.png in Resources */,
				1C4FC5DE213C46E900652354 /* Seven.png in Resources */,
				1C74E28821066B9500EBECC5 /* Septagon.png in Resources */,
				1C4FC5DA213C46E900652354 /* Four.png in Resources */,
				1C66F60E21470E18006AA656 /* UndoButton.png in Resources */,
				1C74E28521066B9500EBECC5 /* Nonagon.png in Resources */,
				1CF6748F2142BBEE00E0D0AC /* DoneButton.png in Resources */,
				1CF6748D2142BB2300E0D0AC /* CancelButton.png in Resources */,
				1CFB47FB211A0FEC00635139 /* marker.png in Resources */,
			);
			runOnlyForDeploymentPostprocessing = 0;
		};
		1CA6C89520FF7C4A0076E557 /* Resources */ = {
			isa = PBXResourcesBuildPhase;
			buildActionMask = 2147483647;
			files = (
			);
			runOnlyForDeploymentPostprocessing = 0;
		};
		1CA6C8A020FF7C4A0076E557 /* Resources */ = {
			isa = PBXResourcesBuildPhase;
			buildActionMask = 2147483647;
			files = (
			);
			runOnlyForDeploymentPostprocessing = 0;
		};
/* End PBXResourcesBuildPhase section */

/* Begin PBXSourcesBuildPhase section */
		1CA6C87C20FF7C490076E557 /* Sources */ = {
			isa = PBXSourcesBuildPhase;
			buildActionMask = 2147483647;
			files = (
				1C74E28A21066D7D00EBECC5 /* Styles.swift in Sources */,
				1C74E29D210676F700EBECC5 /* GameState.swift in Sources */,
				1CA6C88620FF7C4A0076E557 /* GameViewController.swift in Sources */,
				1C0BCCFC214C52BA00F92175 /* Parachute.swift in Sources */,
				1CBA905E2122135C000FCB9D /* Node.swift in Sources */,
				1C74E2752106281400EBECC5 /* LandingViewController.swift in Sources */,
				1CBA9060212213FF000FCB9D /* Line.swift in Sources */,
				1C0BCCFE214F321600F92175 /* DesignViewController.swift in Sources */,
				1C0BCD392150103700F92175 /* SharedState.swift in Sources */,
				1C4FC5C2213A23D700652354 /* SplittingNodes.swift in Sources */,
				1C74E27921063C6500EBECC5 /* Constants.swift in Sources */,
				1C0BCD3621500E2900F92175 /* DesignerState.swift in Sources */,
				1C74E2732103A62F00EBECC5 /* Helpers.swift in Sources */,
				1C12B3422159694E00C8EFA4 /* Sisters.swift in Sources */,
				1CFB4800211A371800635139 /* CuttingMethods.swift in Sources */,
				1C12B333215569A400C8EFA4 /* NumberFrame.swift in Sources */,
				1CFB47FE211A34CF00635139 /* CuttingView.swift in Sources */,
				1CA6C88C20FF7C4A0076E557 /* PolygonPuzzle.xcdatamodeld in Sources */,
				1C74E2712103869400EBECC5 /* Shapes.swift in Sources */,
				1CA6C8B520FF8F890076E557 /* DraggablePolygon.swift in Sources */,
				1CB98D17213705590020427F /* Vectors.swift in Sources */,
				1C0BCD3B2150145500F92175 /* PalleteViewController.swift in Sources */,
				1CA6C88420FF7C4A0076E557 /* AppDelegate.swift in Sources */,
				1C0BCD3E2150173300F92175 /* PalleteCell.swift in Sources */,
			);
			runOnlyForDeploymentPostprocessing = 0;
		};
		1CA6C89320FF7C4A0076E557 /* Sources */ = {
			isa = PBXSourcesBuildPhase;
			buildActionMask = 2147483647;
			files = (
				1CA6C89C20FF7C4A0076E557 /* PolygonPuzzleTests.swift in Sources */,
			);
			runOnlyForDeploymentPostprocessing = 0;
		};
		1CA6C89E20FF7C4A0076E557 /* Sources */ = {
			isa = PBXSourcesBuildPhase;
			buildActionMask = 2147483647;
			files = (
				1CA6C8A720FF7C4A0076E557 /* PolygonPuzzleUITests.swift in Sources */,
			);
			runOnlyForDeploymentPostprocessing = 0;
		};
/* End PBXSourcesBuildPhase section */

/* Begin PBXTargetDependency section */
		1CA6C89920FF7C4A0076E557 /* PBXTargetDependency */ = {
			isa = PBXTargetDependency;
			target = 1CA6C87F20FF7C490076E557 /* PolygonPuzzle */;
			targetProxy = 1CA6C89820FF7C4A0076E557 /* PBXContainerItemProxy */;
		};
		1CA6C8A420FF7C4A0076E557 /* PBXTargetDependency */ = {
			isa = PBXTargetDependency;
			target = 1CA6C87F20FF7C490076E557 /* PolygonPuzzle */;
			targetProxy = 1CA6C8A320FF7C4A0076E557 /* PBXContainerItemProxy */;
		};
/* End PBXTargetDependency section */

/* Begin PBXVariantGroup section */
		1CA6C88720FF7C4A0076E557 /* Main.storyboard */ = {
			isa = PBXVariantGroup;
			children = (
				1CA6C88820FF7C4A0076E557 /* Base */,
			);
			name = Main.storyboard;
			sourceTree = "<group>";
		};
		1CA6C88F20FF7C4A0076E557 /* LaunchScreen.storyboard */ = {
			isa = PBXVariantGroup;
			children = (
				1CA6C89020FF7C4A0076E557 /* Base */,
			);
			name = LaunchScreen.storyboard;
			sourceTree = "<group>";
		};
/* End PBXVariantGroup section */

/* Begin XCBuildConfiguration section */
		1CA6C8A920FF7C4A0076E557 /* Debug */ = {
			isa = XCBuildConfiguration;
			buildSettings = {
				ALWAYS_SEARCH_USER_PATHS = NO;
				CLANG_ANALYZER_NONNULL = YES;
				CLANG_ANALYZER_NUMBER_OBJECT_CONVERSION = YES_AGGRESSIVE;
				CLANG_CXX_LANGUAGE_STANDARD = "gnu++14";
				CLANG_CXX_LIBRARY = "libc++";
				CLANG_ENABLE_MODULES = YES;
				CLANG_ENABLE_OBJC_ARC = YES;
				CLANG_WARN_BLOCK_CAPTURE_AUTORELEASING = YES;
				CLANG_WARN_BOOL_CONVERSION = YES;
				CLANG_WARN_COMMA = YES;
				CLANG_WARN_CONSTANT_CONVERSION = YES;
				CLANG_WARN_DIRECT_OBJC_ISA_USAGE = YES_ERROR;
				CLANG_WARN_DOCUMENTATION_COMMENTS = YES;
				CLANG_WARN_EMPTY_BODY = YES;
				CLANG_WARN_ENUM_CONVERSION = YES;
				CLANG_WARN_INFINITE_RECURSION = YES;
				CLANG_WARN_INT_CONVERSION = YES;
				CLANG_WARN_NON_LITERAL_NULL_CONVERSION = YES;
				CLANG_WARN_OBJC_LITERAL_CONVERSION = YES;
				CLANG_WARN_OBJC_ROOT_CLASS = YES_ERROR;
				CLANG_WARN_RANGE_LOOP_ANALYSIS = YES;
				CLANG_WARN_STRICT_PROTOTYPES = YES;
				CLANG_WARN_SUSPICIOUS_MOVE = YES;
				CLANG_WARN_UNGUARDED_AVAILABILITY = YES_AGGRESSIVE;
				CLANG_WARN_UNREACHABLE_CODE = YES;
				CLANG_WARN__DUPLICATE_METHOD_MATCH = YES;
				CODE_SIGN_IDENTITY = "iPhone Developer";
				COPY_PHASE_STRIP = NO;
				DEBUG_INFORMATION_FORMAT = dwarf;
				ENABLE_STRICT_OBJC_MSGSEND = YES;
				ENABLE_TESTABILITY = YES;
				GCC_C_LANGUAGE_STANDARD = gnu11;
				GCC_DYNAMIC_NO_PIC = NO;
				GCC_NO_COMMON_BLOCKS = YES;
				GCC_OPTIMIZATION_LEVEL = 0;
				GCC_PREPROCESSOR_DEFINITIONS = (
					"DEBUG=1",
					"$(inherited)",
				);
				GCC_WARN_64_TO_32_BIT_CONVERSION = YES;
				GCC_WARN_ABOUT_RETURN_TYPE = YES_ERROR;
				GCC_WARN_UNDECLARED_SELECTOR = YES;
				GCC_WARN_UNINITIALIZED_AUTOS = YES_AGGRESSIVE;
				GCC_WARN_UNUSED_FUNCTION = YES;
				GCC_WARN_UNUSED_VARIABLE = YES;
				IPHONEOS_DEPLOYMENT_TARGET = 11.2;
				MTL_ENABLE_DEBUG_INFO = YES;
				ONLY_ACTIVE_ARCH = YES;
				SDKROOT = iphoneos;
				SWIFT_ACTIVE_COMPILATION_CONDITIONS = DEBUG;
				SWIFT_OPTIMIZATION_LEVEL = "-Onone";
			};
			name = Debug;
		};
		1CA6C8AA20FF7C4A0076E557 /* Release */ = {
			isa = XCBuildConfiguration;
			buildSettings = {
				ALWAYS_SEARCH_USER_PATHS = NO;
				CLANG_ANALYZER_NONNULL = YES;
				CLANG_ANALYZER_NUMBER_OBJECT_CONVERSION = YES_AGGRESSIVE;
				CLANG_CXX_LANGUAGE_STANDARD = "gnu++14";
				CLANG_CXX_LIBRARY = "libc++";
				CLANG_ENABLE_MODULES = YES;
				CLANG_ENABLE_OBJC_ARC = YES;
				CLANG_WARN_BLOCK_CAPTURE_AUTORELEASING = YES;
				CLANG_WARN_BOOL_CONVERSION = YES;
				CLANG_WARN_COMMA = YES;
				CLANG_WARN_CONSTANT_CONVERSION = YES;
				CLANG_WARN_DIRECT_OBJC_ISA_USAGE = YES_ERROR;
				CLANG_WARN_DOCUMENTATION_COMMENTS = YES;
				CLANG_WARN_EMPTY_BODY = YES;
				CLANG_WARN_ENUM_CONVERSION = YES;
				CLANG_WARN_INFINITE_RECURSION = YES;
				CLANG_WARN_INT_CONVERSION = YES;
				CLANG_WARN_NON_LITERAL_NULL_CONVERSION = YES;
				CLANG_WARN_OBJC_LITERAL_CONVERSION = YES;
				CLANG_WARN_OBJC_ROOT_CLASS = YES_ERROR;
				CLANG_WARN_RANGE_LOOP_ANALYSIS = YES;
				CLANG_WARN_STRICT_PROTOTYPES = YES;
				CLANG_WARN_SUSPICIOUS_MOVE = YES;
				CLANG_WARN_UNGUARDED_AVAILABILITY = YES_AGGRESSIVE;
				CLANG_WARN_UNREACHABLE_CODE = YES;
				CLANG_WARN__DUPLICATE_METHOD_MATCH = YES;
				CODE_SIGN_IDENTITY = "iPhone Developer";
				COPY_PHASE_STRIP = NO;
				DEBUG_INFORMATION_FORMAT = "dwarf-with-dsym";
				ENABLE_NS_ASSERTIONS = NO;
				ENABLE_STRICT_OBJC_MSGSEND = YES;
				GCC_C_LANGUAGE_STANDARD = gnu11;
				GCC_NO_COMMON_BLOCKS = YES;
				GCC_WARN_64_TO_32_BIT_CONVERSION = YES;
				GCC_WARN_ABOUT_RETURN_TYPE = YES_ERROR;
				GCC_WARN_UNDECLARED_SELECTOR = YES;
				GCC_WARN_UNINITIALIZED_AUTOS = YES_AGGRESSIVE;
				GCC_WARN_UNUSED_FUNCTION = YES;
				GCC_WARN_UNUSED_VARIABLE = YES;
				IPHONEOS_DEPLOYMENT_TARGET = 11.2;
				MTL_ENABLE_DEBUG_INFO = NO;
				SDKROOT = iphoneos;
				SWIFT_OPTIMIZATION_LEVEL = "-Owholemodule";
				VALIDATE_PRODUCT = YES;
			};
			name = Release;
		};
		1CA6C8AC20FF7C4A0076E557 /* Debug */ = {
			isa = XCBuildConfiguration;
			buildSettings = {
				ASSETCATALOG_COMPILER_APPICON_NAME = AppIcon;
				"CODE_SIGN_IDENTITY[sdk=iphoneos*]" = "iPhone Developer";
				CODE_SIGN_STYLE = Automatic;
				DEVELOPMENT_TEAM = U44FL526BD;
				INFOPLIST_FILE = PolygonPuzzle/Info.plist;
				LD_RUNPATH_SEARCH_PATHS = "$(inherited) @executable_path/Frameworks";
				PRODUCT_BUNDLE_IDENTIFIER = com.numbersalive.puzzle;
				PRODUCT_NAME = "$(TARGET_NAME)";
				PROVISIONING_PROFILE_SPECIFIER = "";
				SWIFT_VERSION = 4.0;
				TARGETED_DEVICE_FAMILY = "1,2";
			};
			name = Debug;
		};
		1CA6C8AD20FF7C4A0076E557 /* Release */ = {
			isa = XCBuildConfiguration;
			buildSettings = {
				ASSETCATALOG_COMPILER_APPICON_NAME = AppIcon;
				"CODE_SIGN_IDENTITY[sdk=iphoneos*]" = "iPhone Developer";
				CODE_SIGN_STYLE = Automatic;
				DEVELOPMENT_TEAM = U44FL526BD;
				INFOPLIST_FILE = PolygonPuzzle/Info.plist;
				LD_RUNPATH_SEARCH_PATHS = "$(inherited) @executable_path/Frameworks";
				PRODUCT_BUNDLE_IDENTIFIER = com.numbersalive.puzzle;
				PRODUCT_NAME = "$(TARGET_NAME)";
				PROVISIONING_PROFILE_SPECIFIER = "";
				SWIFT_VERSION = 4.0;
				TARGETED_DEVICE_FAMILY = "1,2";
			};
			name = Release;
		};
		1CA6C8AF20FF7C4A0076E557 /* Debug */ = {
			isa = XCBuildConfiguration;
			buildSettings = {
				ALWAYS_EMBED_SWIFT_STANDARD_LIBRARIES = YES;
				BUNDLE_LOADER = "$(TEST_HOST)";
				CODE_SIGN_STYLE = Automatic;
				DEVELOPMENT_TEAM = U44FL526BD;
				INFOPLIST_FILE = PolygonPuzzleTests/Info.plist;
				LD_RUNPATH_SEARCH_PATHS = "$(inherited) @executable_path/Frameworks @loader_path/Frameworks";
				PRODUCT_BUNDLE_IDENTIFIER = NumberShapeLLC.PolygonPuzzleTests;
				PRODUCT_NAME = "$(TARGET_NAME)";
				SWIFT_VERSION = 4.0;
				TARGETED_DEVICE_FAMILY = "1,2";
				TEST_HOST = "$(BUILT_PRODUCTS_DIR)/PolygonPuzzle.app/PolygonPuzzle";
			};
			name = Debug;
		};
		1CA6C8B020FF7C4A0076E557 /* Release */ = {
			isa = XCBuildConfiguration;
			buildSettings = {
				ALWAYS_EMBED_SWIFT_STANDARD_LIBRARIES = YES;
				BUNDLE_LOADER = "$(TEST_HOST)";
				CODE_SIGN_STYLE = Automatic;
				DEVELOPMENT_TEAM = U44FL526BD;
				INFOPLIST_FILE = PolygonPuzzleTests/Info.plist;
				LD_RUNPATH_SEARCH_PATHS = "$(inherited) @executable_path/Frameworks @loader_path/Frameworks";
				PRODUCT_BUNDLE_IDENTIFIER = NumberShapeLLC.PolygonPuzzleTests;
				PRODUCT_NAME = "$(TARGET_NAME)";
				SWIFT_VERSION = 4.0;
				TARGETED_DEVICE_FAMILY = "1,2";
				TEST_HOST = "$(BUILT_PRODUCTS_DIR)/PolygonPuzzle.app/PolygonPuzzle";
			};
			name = Release;
		};
		1CA6C8B220FF7C4A0076E557 /* Debug */ = {
			isa = XCBuildConfiguration;
			buildSettings = {
				ALWAYS_EMBED_SWIFT_STANDARD_LIBRARIES = YES;
				CODE_SIGN_STYLE = Automatic;
				DEVELOPMENT_TEAM = U44FL526BD;
				INFOPLIST_FILE = PolygonPuzzleUITests/Info.plist;
				LD_RUNPATH_SEARCH_PATHS = "$(inherited) @executable_path/Frameworks @loader_path/Frameworks";
				PRODUCT_BUNDLE_IDENTIFIER = NumberShapeLLC.PolygonPuzzleUITests;
				PRODUCT_NAME = "$(TARGET_NAME)";
				SWIFT_VERSION = 4.0;
				TARGETED_DEVICE_FAMILY = "1,2";
				TEST_TARGET_NAME = PolygonPuzzle;
			};
			name = Debug;
		};
		1CA6C8B320FF7C4A0076E557 /* Release */ = {
			isa = XCBuildConfiguration;
			buildSettings = {
				ALWAYS_EMBED_SWIFT_STANDARD_LIBRARIES = YES;
				CODE_SIGN_STYLE = Automatic;
				DEVELOPMENT_TEAM = U44FL526BD;
				INFOPLIST_FILE = PolygonPuzzleUITests/Info.plist;
				LD_RUNPATH_SEARCH_PATHS = "$(inherited) @executable_path/Frameworks @loader_path/Frameworks";
				PRODUCT_BUNDLE_IDENTIFIER = NumberShapeLLC.PolygonPuzzleUITests;
				PRODUCT_NAME = "$(TARGET_NAME)";
				SWIFT_VERSION = 4.0;
				TARGETED_DEVICE_FAMILY = "1,2";
				TEST_TARGET_NAME = PolygonPuzzle;
			};
			name = Release;
		};
/* End XCBuildConfiguration section */

/* Begin XCConfigurationList section */
		1CA6C87B20FF7C490076E557 /* Build configuration list for PBXProject "PolygonPuzzle" */ = {
			isa = XCConfigurationList;
			buildConfigurations = (
				1CA6C8A920FF7C4A0076E557 /* Debug */,
				1CA6C8AA20FF7C4A0076E557 /* Release */,
			);
			defaultConfigurationIsVisible = 0;
			defaultConfigurationName = Release;
		};
		1CA6C8AB20FF7C4A0076E557 /* Build configuration list for PBXNativeTarget "PolygonPuzzle" */ = {
			isa = XCConfigurationList;
			buildConfigurations = (
				1CA6C8AC20FF7C4A0076E557 /* Debug */,
				1CA6C8AD20FF7C4A0076E557 /* Release */,
			);
			defaultConfigurationIsVisible = 0;
			defaultConfigurationName = Release;
		};
		1CA6C8AE20FF7C4A0076E557 /* Build configuration list for PBXNativeTarget "PolygonPuzzleTests" */ = {
			isa = XCConfigurationList;
			buildConfigurations = (
				1CA6C8AF20FF7C4A0076E557 /* Debug */,
				1CA6C8B020FF7C4A0076E557 /* Release */,
			);
			defaultConfigurationIsVisible = 0;
			defaultConfigurationName = Release;
		};
		1CA6C8B120FF7C4A0076E557 /* Build configuration list for PBXNativeTarget "PolygonPuzzleUITests" */ = {
			isa = XCConfigurationList;
			buildConfigurations = (
				1CA6C8B220FF7C4A0076E557 /* Debug */,
				1CA6C8B320FF7C4A0076E557 /* Release */,
			);
			defaultConfigurationIsVisible = 0;
			defaultConfigurationName = Release;
		};
/* End XCConfigurationList section */

/* Begin XCVersionGroup section */
		1CA6C88A20FF7C4A0076E557 /* PolygonPuzzle.xcdatamodeld */ = {
			isa = XCVersionGroup;
			children = (
				1CA6C88B20FF7C4A0076E557 /* PolygonPuzzle.xcdatamodel */,
			);
			currentVersion = 1CA6C88B20FF7C4A0076E557 /* PolygonPuzzle.xcdatamodel */;
			path = PolygonPuzzle.xcdatamodeld;
			sourceTree = "<group>";
			versionGroupType = wrapper.xcdatamodel;
		};
/* End XCVersionGroup section */
	};
	rootObject = 1CA6C87820FF7C490076E557 /* Project object */;
}
